
Microsoft Visual Studio Solution File, Format Version 12.00
# Visual Studio Version 17
VisualStudioVersion = 17.5.002.0
MinimumVisualStudioVersion = 10.0.40219.1
Project("{9A19103F-16F7-4668-BE54-9A1E7A4F7556}") = "dotnet", "dotnet.csproj", "{86FC1C9B-16AC-45F5-B05C-46C33271D701}"
EndProject
Global
	GlobalSection(SolutionConfigurationPlatforms) = preSolution
		Debug|Any CPU = Debug|Any CPU
		Release|Any CPU = Release|Any CPU
	EndGlobalSection
	GlobalSection(ProjectConfigurationPlatforms) = postSolution
		{86FC1C9B-16AC-45F5-B05C-46C33271D701}.Debug|Any CPU.ActiveCfg = Debug|Any CPU
		{86FC1C9B-16AC-45F5-B05C-46C33271D701}.Debug|Any CPU.Build.0 = Debug|Any CPU
		{86FC1C9B-16AC-45F5-B05C-46C33271D701}.Release|Any CPU.ActiveCfg = Release|Any CPU
		{86FC1C9B-16AC-45F5-B05C-46C33271D701}.Release|Any CPU.Build.0 = Release|Any CPU
	EndGlobalSection
	GlobalSection(SolutionProperties) = preSolution
		HideSolutionNode = FALSE
	EndGlobalSection
	GlobalSection(ExtensibilityGlobals) = postSolution
		SolutionGuid = {6ACCD57E-7B19-4ED8-A99D-F20D920CCF91}
	EndGlobalSection
EndGlobal
